// !$*UTF8*$!
{
	archiveVersion = 1;
	classes = {
	};
	objectVersion = 50;
	objects = {

/* Begin PBXBuildFile section */
		FA77FC5323EEBF3A00DBA0FE /* Landmark.swift in Sources */ = {isa = PBXBuildFile; fileRef = FA77FC5223EEBF3A00DBA0FE /* Landmark.swift */; };
		FA77FC5723EEC22900DBA0FE /* landmarkData.json in Resources */ = {isa = PBXBuildFile; fileRef = FA77FC5623EEC22900DBA0FE /* landmarkData.json */; };
		FA77FC5923EEC35800DBA0FE /* LandmarkRow.swift in Sources */ = {isa = PBXBuildFile; fileRef = FA77FC5823EEC35800DBA0FE /* LandmarkRow.swift */; };
		FA77FC5B23EEC9AF00DBA0FE /* Data.swift in Sources */ = {isa = PBXBuildFile; fileRef = FA77FC5A23EEC9AF00DBA0FE /* Data.swift */; };
		FA77FC5D23EEE21400DBA0FE /* turtlerock.jpg in Resources */ = {isa = PBXBuildFile; fileRef = FA77FC5C23EEE21400DBA0FE /* turtlerock.jpg */; };
		FA77FC6123EEE28100DBA0FE /* twinlake.jpg in Resources */ = {isa = PBXBuildFile; fileRef = FA77FC5E23EEE28100DBA0FE /* twinlake.jpg */; };
		FA77FC6223EEE28100DBA0FE /* umbagog.jpg in Resources */ = {isa = PBXBuildFile; fileRef = FA77FC5F23EEE28100DBA0FE /* umbagog.jpg */; };
		FA77FC6323EEE28100DBA0FE /* yukon_charleyrivers.jpg in Resources */ = {isa = PBXBuildFile; fileRef = FA77FC6023EEE28100DBA0FE /* yukon_charleyrivers.jpg */; };
		FA77FC6C23EEE29800DBA0FE /* rainbowlake.jpg in Resources */ = {isa = PBXBuildFile; fileRef = FA77FC6423EEE29800DBA0FE /* rainbowlake.jpg */; };
		FA77FC6D23EEE29800DBA0FE /* silversalmoncreek.jpg in Resources */ = {isa = PBXBuildFile; fileRef = FA77FC6523EEE29800DBA0FE /* silversalmoncreek.jpg */; };
		FA77FC6E23EEE29800DBA0FE /* stmarylake.jpg in Resources */ = {isa = PBXBuildFile; fileRef = FA77FC6623EEE29800DBA0FE /* stmarylake.jpg */; };
		FA77FC6F23EEE29800DBA0FE /* hiddenlake.jpg in Resources */ = {isa = PBXBuildFile; fileRef = FA77FC6723EEE29800DBA0FE /* hiddenlake.jpg */; };
		FA77FC7023EEE29800DBA0FE /* lakemcdonald.jpg in Resources */ = {isa = PBXBuildFile; fileRef = FA77FC6823EEE29800DBA0FE /* lakemcdonald.jpg */; };
		FA77FC7123EEE29800DBA0FE /* chincoteague.jpg in Resources */ = {isa = PBXBuildFile; fileRef = FA77FC6923EEE29800DBA0FE /* chincoteague.jpg */; };
		FA77FC7223EEE29800DBA0FE /* icybay.jpg in Resources */ = {isa = PBXBuildFile; fileRef = FA77FC6A23EEE29800DBA0FE /* icybay.jpg */; };
		FA77FC7323EEE29800DBA0FE /* chilkoottrail.jpg in Resources */ = {isa = PBXBuildFile; fileRef = FA77FC6B23EEE29800DBA0FE /* chilkoottrail.jpg */; };
		FA77FC7523EEE37300DBA0FE /* LandmarkList.swift in Sources */ = {isa = PBXBuildFile; fileRef = FA77FC7423EEE37300DBA0FE /* LandmarkList.swift */; };
		FA77FC7D23EEE93E00DBA0FE /* LandmarkDetail.swift in Sources */ = {isa = PBXBuildFile; fileRef = FA77FC7C23EEE93E00DBA0FE /* LandmarkDetail.swift */; };
		FAF5A0F523EEAD7300F51C8A /* AppDelegate.swift in Sources */ = {isa = PBXBuildFile; fileRef = FAF5A0F423EEAD7300F51C8A /* AppDelegate.swift */; };
		FAF5A0F723EEAD7300F51C8A /* SceneDelegate.swift in Sources */ = {isa = PBXBuildFile; fileRef = FAF5A0F623EEAD7300F51C8A /* SceneDelegate.swift */; };
		FAF5A0FB23EEAD7800F51C8A /* Assets.xcassets in Resources */ = {isa = PBXBuildFile; fileRef = FAF5A0FA23EEAD7800F51C8A /* Assets.xcassets */; };
		FAF5A0FE23EEAD7800F51C8A /* Preview Assets.xcassets in Resources */ = {isa = PBXBuildFile; fileRef = FAF5A0FD23EEAD7800F51C8A /* Preview Assets.xcassets */; };
		FAF5A10123EEAD7800F51C8A /* LaunchScreen.storyboard in Resources */ = {isa = PBXBuildFile; fileRef = FAF5A0FF23EEAD7800F51C8A /* LaunchScreen.storyboard */; };
		FAF5A10923EEB42700F51C8A /* CircleImage.swift in Sources */ = {isa = PBXBuildFile; fileRef = FAF5A10823EEB42700F51C8A /* CircleImage.swift */; };
		FAF5A10B23EEB55D00F51C8A /* MapView.swift in Sources */ = {isa = PBXBuildFile; fileRef = FAF5A10A23EEB55D00F51C8A /* MapView.swift */; };
/* End PBXBuildFile section */

/* Begin PBXFileReference section */
		FA77FC5223EEBF3A00DBA0FE /* Landmark.swift */ = {isa = PBXFileReference; lastKnownFileType = sourcecode.swift; path = Landmark.swift; sourceTree = "<group>"; };
		FA77FC5623EEC22900DBA0FE /* landmarkData.json */ = {isa = PBXFileReference; lastKnownFileType = text.json; path = landmarkData.json; sourceTree = "<group>"; };
		FA77FC5823EEC35800DBA0FE /* LandmarkRow.swift */ = {isa = PBXFileReference; lastKnownFileType = sourcecode.swift; path = LandmarkRow.swift; sourceTree = "<group>"; };
		FA77FC5A23EEC9AF00DBA0FE /* Data.swift */ = {isa = PBXFileReference; lastKnownFileType = sourcecode.swift; path = Data.swift; sourceTree = "<group>"; };
		FA77FC5C23EEE21400DBA0FE /* turtlerock.jpg */ = {isa = PBXFileReference; lastKnownFileType = image.jpeg; path = turtlerock.jpg; sourceTree = "<group>"; };
		FA77FC5E23EEE28100DBA0FE /* twinlake.jpg */ = {isa = PBXFileReference; lastKnownFileType = image.jpeg; path = twinlake.jpg; sourceTree = "<group>"; };
		FA77FC5F23EEE28100DBA0FE /* umbagog.jpg */ = {isa = PBXFileReference; lastKnownFileType = image.jpeg; path = umbagog.jpg; sourceTree = "<group>"; };
		FA77FC6023EEE28100DBA0FE /* yukon_charleyrivers.jpg */ = {isa = PBXFileReference; lastKnownFileType = image.jpeg; path = yukon_charleyrivers.jpg; sourceTree = "<group>"; };
		FA77FC6423EEE29800DBA0FE /* rainbowlake.jpg */ = {isa = PBXFileReference; lastKnownFileType = image.jpeg; path = rainbowlake.jpg; sourceTree = "<group>"; };
		FA77FC6523EEE29800DBA0FE /* silversalmoncreek.jpg */ = {isa = PBXFileReference; lastKnownFileType = image.jpeg; path = silversalmoncreek.jpg; sourceTree = "<group>"; };
		FA77FC6623EEE29800DBA0FE /* stmarylake.jpg */ = {isa = PBXFileReference; lastKnownFileType = image.jpeg; path = stmarylake.jpg; sourceTree = "<group>"; };
		FA77FC6723EEE29800DBA0FE /* hiddenlake.jpg */ = {isa = PBXFileReference; lastKnownFileType = image.jpeg; path = hiddenlake.jpg; sourceTree = "<group>"; };
		FA77FC6823EEE29800DBA0FE /* lakemcdonald.jpg */ = {isa = PBXFileReference; lastKnownFileType = image.jpeg; path = lakemcdonald.jpg; sourceTree = "<group>"; };
		FA77FC6923EEE29800DBA0FE /* chincoteague.jpg */ = {isa = PBXFileReference; lastKnownFileType = image.jpeg; path = chincoteague.jpg; sourceTree = "<group>"; };
		FA77FC6A23EEE29800DBA0FE /* icybay.jpg */ = {isa = PBXFileReference; lastKnownFileType = image.jpeg; path = icybay.jpg; sourceTree = "<group>"; };
		FA77FC6B23EEE29800DBA0FE /* chilkoottrail.jpg */ = {isa = PBXFileReference; lastKnownFileType = image.jpeg; path = chilkoottrail.jpg; sourceTree = "<group>"; };
		FA77FC7423EEE37300DBA0FE /* LandmarkList.swift */ = {isa = PBXFileReference; lastKnownFileType = sourcecode.swift; path = LandmarkList.swift; sourceTree = "<group>"; };
		FA77FC7C23EEE93E00DBA0FE /* LandmarkDetail.swift */ = {isa = PBXFileReference; fileEncoding = 4; lastKnownFileType = sourcecode.swift; path = LandmarkDetail.swift; sourceTree = "<group>"; };
		FAF5A0F123EEAD7300F51C8A /* SwuiftUISample.app */ = {isa = PBXFileReference; explicitFileType = wrapper.application; includeInIndex = 0; path = SwuiftUISample.app; sourceTree = BUILT_PRODUCTS_DIR; };
		FAF5A0F423EEAD7300F51C8A /* AppDelegate.swift */ = {isa = PBXFileReference; lastKnownFileType = sourcecode.swift; path = AppDelegate.swift; sourceTree = "<group>"; };
		FAF5A0F623EEAD7300F51C8A /* SceneDelegate.swift */ = {isa = PBXFileReference; lastKnownFileType = sourcecode.swift; path = SceneDelegate.swift; sourceTree = "<group>"; };
		FAF5A0FA23EEAD7800F51C8A /* Assets.xcassets */ = {isa = PBXFileReference; lastKnownFileType = folder.assetcatalog; path = Assets.xcassets; sourceTree = "<group>"; };
		FAF5A0FD23EEAD7800F51C8A /* Preview Assets.xcassets */ = {isa = PBXFileReference; lastKnownFileType = folder.assetcatalog; path = "Preview Assets.xcassets"; sourceTree = "<group>"; };
		FAF5A10023EEAD7800F51C8A /* Base */ = {isa = PBXFileReference; lastKnownFileType = file.storyboard; name = Base; path = Base.lproj/LaunchScreen.storyboard; sourceTree = "<group>"; };
		FAF5A10223EEAD7800F51C8A /* Info.plist */ = {isa = PBXFileReference; lastKnownFileType = text.plist.xml; path = Info.plist; sourceTree = "<group>"; };
		FAF5A10823EEB42700F51C8A /* CircleImage.swift */ = {isa = PBXFileReference; lastKnownFileType = sourcecode.swift; path = CircleImage.swift; sourceTree = "<group>"; };
		FAF5A10A23EEB55D00F51C8A /* MapView.swift */ = {isa = PBXFileReference; lastKnownFileType = sourcecode.swift; path = MapView.swift; sourceTree = "<group>"; };
/* End PBXFileReference section */

/* Begin PBXFrameworksBuildPhase section */
		FAF5A0EE23EEAD7300F51C8A /* Frameworks */ = {
			isa = PBXFrameworksBuildPhase;
			buildActionMask = 2147483647;
			files = (
			);
			runOnlyForDeploymentPostprocessing = 0;
		};
/* End PBXFrameworksBuildPhase section */

/* Begin PBXGroup section */
		FA77FC5123EEBF1D00DBA0FE /* Models */ = {
			isa = PBXGroup;
			children = (
				FA77FC5223EEBF3A00DBA0FE /* Landmark.swift */,
				FA77FC5A23EEC9AF00DBA0FE /* Data.swift */,
			);
			path = Models;
			sourceTree = "<group>";
		};
		FA77FC5523EEC1D300DBA0FE /* Resources */ = {
			isa = PBXGroup;
			children = (
				FA77FC6B23EEE29800DBA0FE /* chilkoottrail.jpg */,
				FA77FC6923EEE29800DBA0FE /* chincoteague.jpg */,
				FA77FC6723EEE29800DBA0FE /* hiddenlake.jpg */,
				FA77FC6A23EEE29800DBA0FE /* icybay.jpg */,
				FA77FC6823EEE29800DBA0FE /* lakemcdonald.jpg */,
				FA77FC6423EEE29800DBA0FE /* rainbowlake.jpg */,
				FA77FC6523EEE29800DBA0FE /* silversalmoncreek.jpg */,
				FA77FC6623EEE29800DBA0FE /* stmarylake.jpg */,
				FA77FC5E23EEE28100DBA0FE /* twinlake.jpg */,
				FA77FC5F23EEE28100DBA0FE /* umbagog.jpg */,
				FA77FC6023EEE28100DBA0FE /* yukon_charleyrivers.jpg */,
				FA77FC5C23EEE21400DBA0FE /* turtlerock.jpg */,
				FA77FC5623EEC22900DBA0FE /* landmarkData.json */,
			);
			path = Resources;
			sourceTree = "<group>";
		};
		FAF5A0E823EEAD7300F51C8A = {
			isa = PBXGroup;
			children = (
				FAF5A0F323EEAD7300F51C8A /* SwuiftUISample */,
				FAF5A0F223EEAD7300F51C8A /* Products */,
			);
			sourceTree = "<group>";
		};
		FAF5A0F223EEAD7300F51C8A /* Products */ = {
			isa = PBXGroup;
			children = (
				FAF5A0F123EEAD7300F51C8A /* SwuiftUISample.app */,
			);
			name = Products;
			sourceTree = "<group>";
		};
		FAF5A0F323EEAD7300F51C8A /* SwuiftUISample */ = {
			isa = PBXGroup;
			children = (
				FA77FC5523EEC1D300DBA0FE /* Resources */,
				FA77FC5123EEBF1D00DBA0FE /* Models */,
				FAF5A0F423EEAD7300F51C8A /* AppDelegate.swift */,
				FAF5A0F623EEAD7300F51C8A /* SceneDelegate.swift */,
				FAF5A0FA23EEAD7800F51C8A /* Assets.xcassets */,
				FAF5A0FF23EEAD7800F51C8A /* LaunchScreen.storyboard */,
				FAF5A10223EEAD7800F51C8A /* Info.plist */,
				FAF5A0FC23EEAD7800F51C8A /* Preview Content */,
				FAF5A10823EEB42700F51C8A /* CircleImage.swift */,
				FA77FC7C23EEE93E00DBA0FE /* LandmarkDetail.swift */,
				FAF5A10A23EEB55D00F51C8A /* MapView.swift */,
				FA77FC5823EEC35800DBA0FE /* LandmarkRow.swift */,
				FA77FC7423EEE37300DBA0FE /* LandmarkList.swift */,
			);
			path = SwuiftUISample;
			sourceTree = "<group>";
		};
		FAF5A0FC23EEAD7800F51C8A /* Preview Content */ = {
			isa = PBXGroup;
			children = (
				FAF5A0FD23EEAD7800F51C8A /* Preview Assets.xcassets */,
			);
			path = "Preview Content";
			sourceTree = "<group>";
		};
/* End PBXGroup section */

/* Begin PBXNativeTarget section */
		FAF5A0F023EEAD7300F51C8A /* SwuiftUISample */ = {
			isa = PBXNativeTarget;
			buildConfigurationList = FAF5A10523EEAD7800F51C8A /* Build configuration list for PBXNativeTarget "SwuiftUISample" */;
			buildPhases = (
				FAF5A0ED23EEAD7300F51C8A /* Sources */,
				FAF5A0EE23EEAD7300F51C8A /* Frameworks */,
				FAF5A0EF23EEAD7300F51C8A /* Resources */,
			);
			buildRules = (
			);
			dependencies = (
			);
			name = SwuiftUISample;
			productName = SwuiftUISample;
			productReference = FAF5A0F123EEAD7300F51C8A /* SwuiftUISample.app */;
			productType = "com.apple.product-type.application";
		};
/* End PBXNativeTarget section */

/* Begin PBXProject section */
		FAF5A0E923EEAD7300F51C8A /* Project object */ = {
			isa = PBXProject;
			attributes = {
				LastSwiftUpdateCheck = 1130;
				LastUpgradeCheck = 1130;
				ORGANIZATIONNAME = Wafaa;
				TargetAttributes = {
					FAF5A0F023EEAD7300F51C8A = {
						CreatedOnToolsVersion = 11.3.1;
					};
				};
			};
			buildConfigurationList = FAF5A0EC23EEAD7300F51C8A /* Build configuration list for PBXProject "SwuiftUISample" */;
			compatibilityVersion = "Xcode 9.3";
			developmentRegion = en;
			hasScannedForEncodings = 0;
			knownRegions = (
				en,
				Base,
			);
			mainGroup = FAF5A0E823EEAD7300F51C8A;
			productRefGroup = FAF5A0F223EEAD7300F51C8A /* Products */;
			projectDirPath = "";
			projectRoot = "";
			targets = (
				FAF5A0F023EEAD7300F51C8A /* SwuiftUISample */,
			);
		};
/* End PBXProject section */

/* Begin PBXResourcesBuildPhase section */
		FAF5A0EF23EEAD7300F51C8A /* Resources */ = {
			isa = PBXResourcesBuildPhase;
			buildActionMask = 2147483647;
			files = (
				FA77FC6123EEE28100DBA0FE /* twinlake.jpg in Resources */,
				FAF5A10123EEAD7800F51C8A /* LaunchScreen.storyboard in Resources */,
				FA77FC6223EEE28100DBA0FE /* umbagog.jpg in Resources */,
				FA77FC7023EEE29800DBA0FE /* lakemcdonald.jpg in Resources */,
				FA77FC5723EEC22900DBA0FE /* landmarkData.json in Resources */,
				FAF5A0FE23EEAD7800F51C8A /* Preview Assets.xcassets in Resources */,
				FA77FC6D23EEE29800DBA0FE /* silversalmoncreek.jpg in Resources */,
				FAF5A0FB23EEAD7800F51C8A /* Assets.xcassets in Resources */,
				FA77FC6323EEE28100DBA0FE /* yukon_charleyrivers.jpg in Resources */,
				FA77FC7323EEE29800DBA0FE /* chilkoottrail.jpg in Resources */,
				FA77FC6C23EEE29800DBA0FE /* rainbowlake.jpg in Resources */,
				FA77FC7123EEE29800DBA0FE /* chincoteague.jpg in Resources */,
				FA77FC6E23EEE29800DBA0FE /* stmarylake.jpg in Resources */,
				FA77FC6F23EEE29800DBA0FE /* hiddenlake.jpg in Resources */,
				FA77FC7223EEE29800DBA0FE /* icybay.jpg in Resources */,
				FA77FC5D23EEE21400DBA0FE /* turtlerock.jpg in Resources */,
			);
			runOnlyForDeploymentPostprocessing = 0;
		};
/* End PBXResourcesBuildPhase section */

/* Begin PBXSourcesBuildPhase section */
		FAF5A0ED23EEAD7300F51C8A /* Sources */ = {
			isa = PBXSourcesBuildPhase;
			buildActionMask = 2147483647;
			files = (
				FAF5A0F523EEAD7300F51C8A /* AppDelegate.swift in Sources */,
				FAF5A10923EEB42700F51C8A /* CircleImage.swift in Sources */,
				FAF5A10B23EEB55D00F51C8A /* MapView.swift in Sources */,
				FAF5A0F723EEAD7300F51C8A /* SceneDelegate.swift in Sources */,
				FA77FC7D23EEE93E00DBA0FE /* LandmarkDetail.swift in Sources */,
				FA77FC7523EEE37300DBA0FE /* LandmarkList.swift in Sources */,
				FA77FC5923EEC35800DBA0FE /* LandmarkRow.swift in Sources */,
				FA77FC5323EEBF3A00DBA0FE /* Landmark.swift in Sources */,
				FA77FC5B23EEC9AF00DBA0FE /* Data.swift in Sources */,
			);
			runOnlyForDeploymentPostprocessing = 0;
		};
/* End PBXSourcesBuildPhase section */

/* Begin PBXVariantGroup section */
		FAF5A0FF23EEAD7800F51C8A /* LaunchScreen.storyboard */ = {
			isa = PBXVariantGroup;
			children = (
				FAF5A10023EEAD7800F51C8A /* Base */,
			);
			name = LaunchScreen.storyboard;
			sourceTree = "<group>";
		};
/* End PBXVariantGroup section */

/* Begin XCBuildConfiguration section */
		FAF5A10323EEAD7800F51C8A /* Debug */ = {
			isa = XCBuildConfiguration;
			buildSettings = {
				ALWAYS_SEARCH_USER_PATHS = NO;
				CLANG_ANALYZER_NONNULL = YES;
				CLANG_ANALYZER_NUMBER_OBJECT_CONVERSION = YES_AGGRESSIVE;
				CLANG_CXX_LANGUAGE_STANDARD = "gnu++14";
				CLANG_CXX_LIBRARY = "libc++";
				CLANG_ENABLE_MODULES = YES;
				CLANG_ENABLE_OBJC_ARC = YES;
				CLANG_ENABLE_OBJC_WEAK = YES;
				CLANG_WARN_BLOCK_CAPTURE_AUTORELEASING = YES;
				CLANG_WARN_BOOL_CONVERSION = YES;
				CLANG_WARN_COMMA = YES;
				CLANG_WARN_CONSTANT_CONVERSION = YES;
				CLANG_WARN_DEPRECATED_OBJC_IMPLEMENTATIONS = YES;
				CLANG_WARN_DIRECT_OBJC_ISA_USAGE = YES_ERROR;
				CLANG_WARN_DOCUMENTATION_COMMENTS = YES;
				CLANG_WARN_EMPTY_BODY = YES;
				CLANG_WARN_ENUM_CONVERSION = YES;
				CLANG_WARN_INFINITE_RECURSION = YES;
				CLANG_WARN_INT_CONVERSION = YES;
				CLANG_WARN_NON_LITERAL_NULL_CONVERSION = YES;
				CLANG_WARN_OBJC_IMPLICIT_RETAIN_SELF = YES;
				CLANG_WARN_OBJC_LITERAL_CONVERSION = YES;
				CLANG_WARN_OBJC_ROOT_CLASS = YES_ERROR;
				CLANG_WARN_RANGE_LOOP_ANALYSIS = YES;
				CLANG_WARN_STRICT_PROTOTYPES = YES;
				CLANG_WARN_SUSPICIOUS_MOVE = YES;
				CLANG_WARN_UNGUARDED_AVAILABILITY = YES_AGGRESSIVE;
				CLANG_WARN_UNREACHABLE_CODE = YES;
				CLANG_WARN__DUPLICATE_METHOD_MATCH = YES;
				COPY_PHASE_STRIP = NO;
				DEBUG_INFORMATION_FORMAT = dwarf;
				ENABLE_STRICT_OBJC_MSGSEND = YES;
				ENABLE_TESTABILITY = YES;
				GCC_C_LANGUAGE_STANDARD = gnu11;
				GCC_DYNAMIC_NO_PIC = NO;
				GCC_NO_COMMON_BLOCKS = YES;
				GCC_OPTIMIZATION_LEVEL = 0;
				GCC_PREPROCESSOR_DEFINITIONS = (
					"DEBUG=1",
					"$(inherited)",
				);
				GCC_WARN_64_TO_32_BIT_CONVERSION = YES;
				GCC_WARN_ABOUT_RETURN_TYPE = YES_ERROR;
				GCC_WARN_UNDECLARED_SELECTOR = YES;
				GCC_WARN_UNINITIALIZED_AUTOS = YES_AGGRESSIVE;
				GCC_WARN_UNUSED_FUNCTION = YES;
				GCC_WARN_UNUSED_VARIABLE = YES;
				IPHONEOS_DEPLOYMENT_TARGET = 13.2;
				MTL_ENABLE_DEBUG_INFO = INCLUDE_SOURCE;
				MTL_FAST_MATH = YES;
				ONLY_ACTIVE_ARCH = YES;
				SDKROOT = iphoneos;
				SWIFT_ACTIVE_COMPILATION_CONDITIONS = DEBUG;
				SWIFT_OPTIMIZATION_LEVEL = "-Onone";
			};
			name = Debug;
		};
		FAF5A10423EEAD7800F51C8A /* Release */ = {
			isa = XCBuildConfiguration;
			buildSettings = {
				ALWAYS_SEARCH_USER_PATHS = NO;
				CLANG_ANALYZER_NONNULL = YES;
				CLANG_ANALYZER_NUMBER_OBJECT_CONVERSION = YES_AGGRESSIVE;
				CLANG_CXX_LANGUAGE_STANDARD = "gnu++14";
				CLANG_CXX_LIBRARY = "libc++";
				CLANG_ENABLE_MODULES = YES;
				CLANG_ENABLE_OBJC_ARC = YES;
				CLANG_ENABLE_OBJC_WEAK = YES;
				CLANG_WARN_BLOCK_CAPTURE_AUTORELEASING = YES;
				CLANG_WARN_BOOL_CONVERSION = YES;
				CLANG_WARN_COMMA = YES;
				CLANG_WARN_CONSTANT_CONVERSION = YES;
				CLANG_WARN_DEPRECATED_OBJC_IMPLEMENTATIONS = YES;
				CLANG_WARN_DIRECT_OBJC_ISA_USAGE = YES_ERROR;
				CLANG_WARN_DOCUMENTATION_COMMENTS = YES;
				CLANG_WARN_EMPTY_BODY = YES;
				CLANG_WARN_ENUM_CONVERSION = YES;
				CLANG_WARN_INFINITE_RECURSION = YES;
				CLANG_WARN_INT_CONVERSION = YES;
				CLANG_WARN_NON_LITERAL_NULL_CONVERSION = YES;
				CLANG_WARN_OBJC_IMPLICIT_RETAIN_SELF = YES;
				CLANG_WARN_OBJC_LITERAL_CONVERSION = YES;
				CLANG_WARN_OBJC_ROOT_CLASS = YES_ERROR;
				CLANG_WARN_RANGE_LOOP_ANALYSIS = YES;
				CLANG_WARN_STRICT_PROTOTYPES = YES;
				CLANG_WARN_SUSPICIOUS_MOVE = YES;
				CLANG_WARN_UNGUARDED_AVAILABILITY = YES_AGGRESSIVE;
				CLANG_WARN_UNREACHABLE_CODE = YES;
				CLANG_WARN__DUPLICATE_METHOD_MATCH = YES;
				COPY_PHASE_STRIP = NO;
				DEBUG_INFORMATION_FORMAT = "dwarf-with-dsym";
				ENABLE_NS_ASSERTIONS = NO;
				ENABLE_STRICT_OBJC_MSGSEND = YES;
				GCC_C_LANGUAGE_STANDARD = gnu11;
				GCC_NO_COMMON_BLOCKS = YES;
				GCC_WARN_64_TO_32_BIT_CONVERSION = YES;
				GCC_WARN_ABOUT_RETURN_TYPE = YES_ERROR;
				GCC_WARN_UNDECLARED_SELECTOR = YES;
				GCC_WARN_UNINITIALIZED_AUTOS = YES_AGGRESSIVE;
				GCC_WARN_UNUSED_FUNCTION = YES;
				GCC_WARN_UNUSED_VARIABLE = YES;
				IPHONEOS_DEPLOYMENT_TARGET = 13.2;
				MTL_ENABLE_DEBUG_INFO = NO;
				MTL_FAST_MATH = YES;
				SDKROOT = iphoneos;
				SWIFT_COMPILATION_MODE = wholemodule;
				SWIFT_OPTIMIZATION_LEVEL = "-O";
				VALIDATE_PRODUCT = YES;
			};
			name = Release;
		};
		FAF5A10623EEAD7800F51C8A /* Debug */ = {
			isa = XCBuildConfiguration;
			buildSettings = {
				ASSETCATALOG_COMPILER_APPICON_NAME = AppIcon;
				CODE_SIGN_STYLE = Automatic;
				DEVELOPMENT_ASSET_PATHS = "\"SwuiftUISample/Preview Content\"";
				DEVELOPMENT_TEAM = 6Y56H7Q22P;
				ENABLE_PREVIEWS = YES;
				INFOPLIST_FILE = SwuiftUISample/Info.plist;
				LD_RUNPATH_SEARCH_PATHS = (
					"$(inherited)",
					"@executable_path/Frameworks",
				);
				PRODUCT_BUNDLE_IDENTIFIER = com.wafaa.SwuiftUISample;
				PRODUCT_NAME = "$(TARGET_NAME)";
				SWIFT_VERSION = 5.0;
				TARGETED_DEVICE_FAMILY = "1,2";
			};
			name = Debug;
		};
		FAF5A10723EEAD7800F51C8A /* Release */ = {
			isa = XCBuildConfiguration;
			buildSettings = {
				ASSETCATALOG_COMPILER_APPICON_NAME = AppIcon;
				CODE_SIGN_STYLE = Automatic;
				DEVELOPMENT_ASSET_PATHS = "\"SwuiftUISample/Preview Content\"";
				DEVELOPMENT_TEAM = 6Y56H7Q22P;
				ENABLE_PREVIEWS = YES;
				INFOPLIST_FILE = SwuiftUISample/Info.plist;
				LD_RUNPATH_SEARCH_PATHS = (
					"$(inherited)",
					"@executable_path/Frameworks",
				);
				PRODUCT_BUNDLE_IDENTIFIER = com.wafaa.SwuiftUISample;
				PRODUCT_NAME = "$(TARGET_NAME)";
				SWIFT_VERSION = 5.0;
				TARGETED_DEVICE_FAMILY = "1,2";
			};
			name = Release;
		};
/* End XCBuildConfiguration section */

/* Begin XCConfigurationList section */
		FAF5A0EC23EEAD7300F51C8A /* Build configuration list for PBXProject "SwuiftUISample" */ = {
			isa = XCConfigurationList;
			buildConfigurations = (
				FAF5A10323EEAD7800F51C8A /* Debug */,
				FAF5A10423EEAD7800F51C8A /* Release */,
			);
			defaultConfigurationIsVisible = 0;
			defaultConfigurationName = Release;
		};
		FAF5A10523EEAD7800F51C8A /* Build configuration list for PBXNativeTarget "SwuiftUISample" */ = {
			isa = XCConfigurationList;
			buildConfigurations = (
				FAF5A10623EEAD7800F51C8A /* Debug */,
				FAF5A10723EEAD7800F51C8A /* Release */,
			);
			defaultConfigurationIsVisible = 0;
			defaultConfigurationName = Release;
		};
/* End XCConfigurationList section */
	};
	rootObject = FAF5A0E923EEAD7300F51C8A /* Project object */;
}
